
Microsoft Visual Studio Solution File, Format Version 12.00
# Visual Studio Version 16
VisualStudioVersion = 16.0.29709.97
MinimumVisualStudioVersion = 10.0.40219.1
Project("{FAE04EC0-301F-11D3-BF4B-00C04F79EFBC}") = "Memobook.Android", "Memobook\Memobook.Android\Memobook.Android.csproj", "{F2B97392-4A90-4DF1-8CFF-63C6D7697988}"
EndProject
Project("{FAE04EC0-301F-11D3-BF4B-00C04F79EFBC}") = "Memobook.iOS", "Memobook\Memobook.iOS\Memobook.iOS.csproj", "{9CD9C44C-6078-4F5C-9D41-63FE978EECF2}"
EndProject
Project("{FAE04EC0-301F-11D3-BF4B-00C04F79EFBC}") = "Memobook", "Memobook\Memobook\Memobook.csproj", "{95E3E467-DE95-4663-B39C-60EFF5C07F12}"
EndProject
Global
	GlobalSection(SolutionConfigurationPlatforms) = preSolution
		Debug|Any CPU = Debug|Any CPU
		Debug|iPhone = Debug|iPhone
		Debug|iPhoneSimulator = Debug|iPhoneSimulator
		Release|Any CPU = Release|Any CPU
		Release|iPhone = Release|iPhone
		Release|iPhoneSimulator = Release|iPhoneSimulator
	EndGlobalSection
	GlobalSection(ProjectConfigurationPlatforms) = postSolution
		{F2B97392-4A90-4DF1-8CFF-63C6D7697988}.Debug|Any CPU.ActiveCfg = Debug|Any CPU
		{F2B97392-4A90-4DF1-8CFF-63C6D7697988}.Debug|Any CPU.Build.0 = Debug|Any CPU
		{F2B97392-4A90-4DF1-8CFF-63C6D7697988}.Debug|Any CPU.Deploy.0 = Debug|Any CPU
		{F2B97392-4A90-4DF1-8CFF-63C6D7697988}.Debug|iPhone.ActiveCfg = Debug|Any CPU
		{F2B97392-4A90-4DF1-8CFF-63C6D7697988}.Debug|iPhone.Build.0 = Debug|Any CPU
		{F2B97392-4A90-4DF1-8CFF-63C6D7697988}.Debug|iPhone.Deploy.0 = Debug|Any CPU
		{F2B97392-4A90-4DF1-8CFF-63C6D7697988}.Debug|iPhoneSimulator.ActiveCfg = Debug|Any CPU
		{F2B97392-4A90-4DF1-8CFF-63C6D7697988}.Debug|iPhoneSimulator.Build.0 = Debug|Any CPU
		{F2B97392-4A90-4DF1-8CFF-63C6D7697988}.Debug|iPhoneSimulator.Deploy.0 = Debug|Any CPU
		{F2B97392-4A90-4DF1-8CFF-63C6D7697988}.Release|Any CPU.ActiveCfg = Release|Any CPU
		{F2B97392-4A90-4DF1-8CFF-63C6D7697988}.Release|Any CPU.Build.0 = Release|Any CPU
		{F2B97392-4A90-4DF1-8CFF-63C6D7697988}.Release|Any CPU.Deploy.0 = Release|Any CPU
		{F2B97392-4A90-4DF1-8CFF-63C6D7697988}.Release|iPhone.ActiveCfg = Release|Any CPU
		{F2B97392-4A90-4DF1-8CFF-63C6D7697988}.Release|iPhone.Build.0 = Release|Any CPU
		{F2B97392-4A90-4DF1-8CFF-63C6D7697988}.Release|iPhone.Deploy.0 = Release|Any CPU
		{F2B97392-4A90-4DF1-8CFF-63C6D7697988}.Release|iPhoneSimulator.ActiveCfg = Release|Any CPU
		{F2B97392-4A90-4DF1-8CFF-63C6D7697988}.Release|iPhoneSimulator.Build.0 = Release|Any CPU
		{F2B97392-4A90-4DF1-8CFF-63C6D7697988}.Release|iPhoneSimulator.Deploy.0 = Release|Any CPU
		{9CD9C44C-6078-4F5C-9D41-63FE978EECF2}.Debug|Any CPU.ActiveCfg = Debug|iPhoneSimulator
		{9CD9C44C-6078-4F5C-9D41-63FE978EECF2}.Debug|Any CPU.Build.0 = Debug|iPhoneSimulator
		{9CD9C44C-6078-4F5C-9D41-63FE978EECF2}.Debug|Any CPU.Deploy.0 = Debug|iPhoneSimulator
		{9CD9C44C-6078-4F5C-9D41-63FE978EECF2}.Debug|iPhone.ActiveCfg = Debug|iPhone
		{9CD9C44C-6078-4F5C-9D41-63FE978EECF2}.Debug|iPhone.Build.0 = Debug|iPhone
		{9CD9C44C-6078-4F5C-9D41-63FE978EECF2}.Debug|iPhone.Deploy.0 = Debug|iPhone
		{9CD9C44C-6078-4F5C-9D41-63FE978EECF2}.Debug|iPhoneSimulator.ActiveCfg = Debug|iPhoneSimulator
		{9CD9C44C-6078-4F5C-9D41-63FE978EECF2}.Debug|iPhoneSimulator.Build.0 = Debug|iPhoneSimulator
		{9CD9C44C-6078-4F5C-9D41-63FE978EECF2}.Debug|iPhoneSimulator.Deploy.0 = Debug|iPhoneSimulator
		{9CD9C44C-6078-4F5C-9D41-63FE978EECF2}.Release|Any CPU.ActiveCfg = Release|iPhone
		{9CD9C44C-6078-4F5C-9D41-63FE978EECF2}.Release|Any CPU.Build.0 = Release|iPhone
		{9CD9C44C-6078-4F5C-9D41-63FE978EECF2}.Release|Any CPU.Deploy.0 = Release|iPhone
		{9CD9C44C-6078-4F5C-9D41-63FE978EECF2}.Release|iPhone.ActiveCfg = Release|iPhone
		{9CD9C44C-6078-4F5C-9D41-63FE978EECF2}.Release|iPhone.Build.0 = Release|iPhone
		{9CD9C44C-6078-4F5C-9D41-63FE978EECF2}.Release|iPhone.Deploy.0 = Release|iPhone
		{9CD9C44C-6078-4F5C-9D41-63FE978EECF2}.Release|iPhoneSimulator.ActiveCfg = Release|iPhoneSimulator
		{9CD9C44C-6078-4F5C-9D41-63FE978EECF2}.Release|iPhoneSimulator.Build.0 = Release|iPhoneSimulator
		{9CD9C44C-6078-4F5C-9D41-63FE978EECF2}.Release|iPhoneSimulator.Deploy.0 = Release|iPhoneSimulator
		{95E3E467-DE95-4663-B39C-60EFF5C07F12}.Debug|Any CPU.ActiveCfg = Debug|Any CPU
		{95E3E467-DE95-4663-B39C-60EFF5C07F12}.Debug|Any CPU.Build.0 = Debug|Any CPU
		{95E3E467-DE95-4663-B39C-60EFF5C07F12}.Debug|Any CPU.Deploy.0 = Debug|Any CPU
		{95E3E467-DE95-4663-B39C-60EFF5C07F12}.Debug|iPhone.ActiveCfg = Debug|Any CPU
		{95E3E467-DE95-4663-B39C-60EFF5C07F12}.Debug|iPhone.Build.0 = Debug|Any CPU
		{95E3E467-DE95-4663-B39C-60EFF5C07F12}.Debug|iPhone.Deploy.0 = Debug|Any CPU
		{95E3E467-DE95-4663-B39C-60EFF5C07F12}.Debug|iPhoneSimulator.ActiveCfg = Debug|Any CPU
		{95E3E467-DE95-4663-B39C-60EFF5C07F12}.Debug|iPhoneSimulator.Build.0 = Debug|Any CPU
		{95E3E467-DE95-4663-B39C-60EFF5C07F12}.Debug|iPhoneSimulator.Deploy.0 = Debug|Any CPU
		{95E3E467-DE95-4663-B39C-60EFF5C07F12}.Release|Any CPU.ActiveCfg = Release|Any CPU
		{95E3E467-DE95-4663-B39C-60EFF5C07F12}.Release|Any CPU.Build.0 = Release|Any CPU
		{95E3E467-DE95-4663-B39C-60EFF5C07F12}.Release|Any CPU.Deploy.0 = Release|Any CPU
		{95E3E467-DE95-4663-B39C-60EFF5C07F12}.Release|iPhone.ActiveCfg = Release|Any CPU
		{95E3E467-DE95-4663-B39C-60EFF5C07F12}.Release|iPhone.Build.0 = Release|Any CPU
		{95E3E467-DE95-4663-B39C-60EFF5C07F12}.Release|iPhone.Deploy.0 = Release|Any CPU
		{95E3E467-DE95-4663-B39C-60EFF5C07F12}.Release|iPhoneSimulator.ActiveCfg = Release|Any CPU
		{95E3E467-DE95-4663-B39C-60EFF5C07F12}.Release|iPhoneSimulator.Build.0 = Release|Any CPU
		{95E3E467-DE95-4663-B39C-60EFF5C07F12}.Release|iPhoneSimulator.Deploy.0 = Release|Any CPU
	EndGlobalSection
	GlobalSection(SolutionProperties) = preSolution
		HideSolutionNode = FALSE
	EndGlobalSection
	GlobalSection(ExtensibilityGlobals) = postSolution
		SolutionGuid = {B8DCEA61-E1B3-4211-8AEE-3AB7F4A0625C}
	EndGlobalSection
EndGlobal
